github.com/PietroCarrara/go-rencode v0.1.5 h1:sPN50tzdzsLAL9yUdxlUprldvijsr1M10Tyo+u7gzd4=
github.com/PietroCarrara/go-rencode v0.1.5/go.mod h1:0dr3BuaKzeseY1of6o1KRTGB/Oo7eio+YEyz8KDp5+s=
github.com/PietroCarrara/go-rencode v0.1.6-0.20200517143806-41f31625d5bc h1:9SVQ49WD9iiOk4b9/dFLHJzaX8OAjUYsZfkfc+3lYh0=
github.com/PietroCarrara/go-rencode v0.1.6-0.20200517143806-41f31625d5bc/go.mod h1:0dr3BuaKzeseY1of6o1KRTGB/Oo7eio+YEyz8KDp5+s=
github.com/PietroCarrara/go-rencode v0.1.6-0.20200518140251-168ecd1aeb04 h1:42ouFllBZYHEoVZqAqT4xvU0/cdM5j/XfEW6UfkZgQ0=
github.com/PietroCarrara/go-rencode v0.1.6-0.20200518140251-168ecd1aeb04/go.mod h1:0dr3BuaKzeseY1of6o1KRTGB/Oo7eio+YEyz8KDp5+s=
